
Microsoft Visual Studio Solution File, Format Version 12.00
# Visual Studio Version 16
VisualStudioVersion = 16.0.30804.86
MinimumVisualStudioVersion = 10.0.40219.1
Project("{FAE04EC0-301F-11D3-BF4B-00C04F79EFBC}") = "Hello_world!", "Hello_world!\Hello_world!.csproj", "{0802587E-126F-4C57-A560-90A12D6C23BF}"
EndProject
Global
	GlobalSection(SolutionConfigurationPlatforms) = preSolution
		Debug|Any CPU = Debug|Any CPU
		Release|Any CPU = Release|Any CPU
	EndGlobalSection
	GlobalSection(ProjectConfigurationPlatforms) = postSolution
		{0802587E-126F-4C57-A560-90A12D6C23BF}.Debug|Any CPU.ActiveCfg = Debug|Any CPU
		{0802587E-126F-4C57-A560-90A12D6C23BF}.Debug|Any CPU.Build.0 = Debug|Any CPU
		{0802587E-126F-4C57-A560-90A12D6C23BF}.Release|Any CPU.ActiveCfg = Release|Any CPU
		{0802587E-126F-4C57-A560-90A12D6C23BF}.Release|Any CPU.Build.0 = Release|Any CPU
	EndGlobalSection
	GlobalSection(SolutionProperties) = preSolution
		HideSolutionNode = FALSE
	EndGlobalSection
	GlobalSection(ExtensibilityGlobals) = postSolution
		SolutionGuid = {FBFE78C8-FBA0-4964-A65F-4E8D3F172C64}
	EndGlobalSection
EndGlobal
